
Microsoft Visual Studio Solution File, Format Version 12.00
# Visual Studio 15
VisualStudioVersion = 15.0.26124.0
MinimumVisualStudioVersion = 15.0.26124.0
Project("{FAE04EC0-301F-11D3-BF4B-00C04F79EFBC}") = "RigidFluency", "RigidFluency\RigidFluency.csproj", "{197010B8-85DA-413D-A154-41292574392A}"
EndProject
Project("{FAE04EC0-301F-11D3-BF4B-00C04F79EFBC}") = "RigidFluency.Tests", "RigidFluency.Tests\RigidFluency.Tests.csproj", "{0A75D7BB-4716-46E9-A3C3-AEFE6521B6EA}"
EndProject
Global
	GlobalSection(SolutionConfigurationPlatforms) = preSolution
		Debug|Any CPU = Debug|Any CPU
		Debug|x64 = Debug|x64
		Debug|x86 = Debug|x86
		Release|Any CPU = Release|Any CPU
		Release|x64 = Release|x64
		Release|x86 = Release|x86
	EndGlobalSection
	GlobalSection(SolutionProperties) = preSolution
		HideSolutionNode = FALSE
	EndGlobalSection
	GlobalSection(ProjectConfigurationPlatforms) = postSolution
		{197010B8-85DA-413D-A154-41292574392A}.Debug|Any CPU.ActiveCfg = Debug|Any CPU
		{197010B8-85DA-413D-A154-41292574392A}.Debug|Any CPU.Build.0 = Debug|Any CPU
		{197010B8-85DA-413D-A154-41292574392A}.Debug|x64.ActiveCfg = Debug|Any CPU
		{197010B8-85DA-413D-A154-41292574392A}.Debug|x64.Build.0 = Debug|Any CPU
		{197010B8-85DA-413D-A154-41292574392A}.Debug|x86.ActiveCfg = Debug|Any CPU
		{197010B8-85DA-413D-A154-41292574392A}.Debug|x86.Build.0 = Debug|Any CPU
		{197010B8-85DA-413D-A154-41292574392A}.Release|Any CPU.ActiveCfg = Release|Any CPU
		{197010B8-85DA-413D-A154-41292574392A}.Release|Any CPU.Build.0 = Release|Any CPU
		{197010B8-85DA-413D-A154-41292574392A}.Release|x64.ActiveCfg = Release|Any CPU
		{197010B8-85DA-413D-A154-41292574392A}.Release|x64.Build.0 = Release|Any CPU
		{197010B8-85DA-413D-A154-41292574392A}.Release|x86.ActiveCfg = Release|Any CPU
		{197010B8-85DA-413D-A154-41292574392A}.Release|x86.Build.0 = Release|Any CPU
		{0A75D7BB-4716-46E9-A3C3-AEFE6521B6EA}.Debug|Any CPU.ActiveCfg = Debug|Any CPU
		{0A75D7BB-4716-46E9-A3C3-AEFE6521B6EA}.Debug|Any CPU.Build.0 = Debug|Any CPU
		{0A75D7BB-4716-46E9-A3C3-AEFE6521B6EA}.Debug|x64.ActiveCfg = Debug|Any CPU
		{0A75D7BB-4716-46E9-A3C3-AEFE6521B6EA}.Debug|x64.Build.0 = Debug|Any CPU
		{0A75D7BB-4716-46E9-A3C3-AEFE6521B6EA}.Debug|x86.ActiveCfg = Debug|Any CPU
		{0A75D7BB-4716-46E9-A3C3-AEFE6521B6EA}.Debug|x86.Build.0 = Debug|Any CPU
		{0A75D7BB-4716-46E9-A3C3-AEFE6521B6EA}.Release|Any CPU.ActiveCfg = Release|Any CPU
		{0A75D7BB-4716-46E9-A3C3-AEFE6521B6EA}.Release|Any CPU.Build.0 = Release|Any CPU
		{0A75D7BB-4716-46E9-A3C3-AEFE6521B6EA}.Release|x64.ActiveCfg = Release|Any CPU
		{0A75D7BB-4716-46E9-A3C3-AEFE6521B6EA}.Release|x64.Build.0 = Release|Any CPU
		{0A75D7BB-4716-46E9-A3C3-AEFE6521B6EA}.Release|x86.ActiveCfg = Release|Any CPU
		{0A75D7BB-4716-46E9-A3C3-AEFE6521B6EA}.Release|x86.Build.0 = Release|Any CPU
	EndGlobalSection
EndGlobal
